
Microsoft Visual Studio Solution File, Format Version 12.00
# Visual Studio Version 17
VisualStudioVersion = 17.14.36429.23
MinimumVisualStudioVersion = 10.0.40219.1
Project("{2150E333-8FDC-42A3-9474-1A3956D46DE8}") = "Task0", "Task0", "{02EA681E-C7D8-13C7-8484-4AC65E1B71E8}"
EndProject
Project("{FAE04EC0-301F-11D3-BF4B-00C04F79EFBC}") = "Tyuiu.VlasenkoAE.Sprint0.Task0.V0", "Tyuiu.VlasenkoAE.Sprint0.Task0.V0\Tyuiu.VlasenkoAE.Sprint0.Task0.V0.csproj", "{718AEA8F-9426-49FB-8D4A-A195DF00AACD}"
EndProject
Project("{2150E333-8FDC-42A3-9474-1A3956D46DE8}") = "Task1", "Task1", "{CD492054-D2EC-4699-A453-4998C52C7751}"
EndProject
Project("{FAE04EC0-301F-11D3-BF4B-00C04F79EFBC}") = "Tyuiu.VlasenkoAE.Sprint0.Task1.V0", "Tyuiu.VlasenkoAE.Sprint0.Task1.V0\Tyuiu.VlasenkoAE.Sprint0.Task1.V0.csproj", "{15F0D267-3592-4814-9758-EFDE7E9A0151}"
EndProject
Project("{2150E333-8FDC-42A3-9474-1A3956D46DE8}") = "Task2", "Task2", "{700DCA02-BB0C-4850-A093-C8EA6343CE33}"
EndProject
Project("{FAE04EC0-301F-11D3-BF4B-00C04F79EFBC}") = "Tyuiu.VlasenkoAE.Sprint0.Task2.V0", "Tyuiu.VlasenkoAE.Sprint0.Task2.V0\Tyuiu.VlasenkoAE.Sprint0.Task2.V0.csproj", "{93DF5EF5-C599-4CB2-BE3A-4B098C1E2AFC}"
EndProject
Project("{FAE04EC0-301F-11D3-BF4B-00C04F79EFBC}") = "Tyuiu.VlasenkoAE.Sprint0.Task2.V0.Lib", "Tyuiu.VlasenkoAE.Sprint0.Task2.V0.Lib\Tyuiu.VlasenkoAE.Sprint0.Task2.V0.Lib.csproj", "{CA4404DF-17D3-41A0-A542-7614BF5E5E81}"
EndProject
Project("{FAE04EC0-301F-11D3-BF4B-00C04F79EFBC}") = "Tyuiu.VlasenkoAE.Sprint0.Task2.V0.Test", "Tyuiu.VlasenkoAE.Sprint0.Task2.V0.Test\Tyuiu.VlasenkoAE.Sprint0.Task2.V0.Test.csproj", "{BBCD724A-9071-43F0-9079-3564428B38BD}"
EndProject
Project("{2150E333-8FDC-42A3-9474-1A3956D46DE8}") = "Task3", "Task3", "{2F9209E1-BE46-4A0F-A4AE-D93EEE6BE586}"
EndProject
Project("{FAE04EC0-301F-11D3-BF4B-00C04F79EFBC}") = "Tyuiu.VlasenkoAE.Sprint0.Task3.V0", "Tyuiu.VlasenkoAE.Sprint0.Task3.V0\Tyuiu.VlasenkoAE.Sprint0.Task3.V0.csproj", "{8E388523-C629-4387-A37D-7F958E3C4EBE}"
EndProject
Project("{FAE04EC0-301F-11D3-BF4B-00C04F79EFBC}") = "Tyuiu.VlasenkoAE.Sprint0.Task3.V0.Lib", "Tyuiu.VlasenkoAE.Sprint0.Task3.V0.Lib\Tyuiu.VlasenkoAE.Sprint0.Task3.V0.Lib.csproj", "{B47F3B78-A69F-4EC6-B27B-90C10021071A}"
EndProject
Project("{FAE04EC0-301F-11D3-BF4B-00C04F79EFBC}") = "Tyuiu.VlasenkoAE.Sprint0.Task3.V0.Test", "Tyuiu.VlasenkoAE.Sprint0.Task3.V0.Test\Tyuiu.VlasenkoAE.Sprint0.Task3.V0.Test.csproj", "{09770C2C-01FA-45D1-9FF4-5EA27658ACD5}"
EndProject
Project("{2150E333-8FDC-42A3-9474-1A3956D46DE8}") = "Task4", "Task4", "{CB8E52FD-54AD-4463-89E6-E86737285C9E}"
EndProject
Project("{FAE04EC0-301F-11D3-BF4B-00C04F79EFBC}") = "Tyuiu.VlasenkoAE.Sprint0.Task4.V0", "Tyuiu.VlasenkoAE.Sprint0.Task4.V0\Tyuiu.VlasenkoAE.Sprint0.Task4.V0.csproj", "{A78F4363-CF71-4FB9-A3FD-02E921F2ECD3}"
EndProject
Project("{FAE04EC0-301F-11D3-BF4B-00C04F79EFBC}") = "Tyuiu.VlasenkoAE.Sprint0.Task4.V0.Lib", "Tyuiu.VlasenkoAE.Sprint0.Task4.V0.Lib\Tyuiu.VlasenkoAE.Sprint0.Task4.V0.Lib.csproj", "{FCAAC010-4AB3-4D7D-A845-E9B7F1D6BB78}"
EndProject
Project("{FAE04EC0-301F-11D3-BF4B-00C04F79EFBC}") = "Tyuiu.VlasenkoAE.Sprint0.Task4.V0.Test", "Tyuiu.VlasenkoAE.Sprint0.Task4.V0.Test\Tyuiu.VlasenkoAE.Sprint0.Task4.V0.Test.csproj", "{2666B91B-6128-4444-9CCE-5D05E6D7F6DB}"
EndProject
Global
	GlobalSection(SolutionConfigurationPlatforms) = preSolution
		Debug|Any CPU = Debug|Any CPU
		Release|Any CPU = Release|Any CPU
	EndGlobalSection
	GlobalSection(ProjectConfigurationPlatforms) = postSolution
		{718AEA8F-9426-49FB-8D4A-A195DF00AACD}.Debug|Any CPU.ActiveCfg = Debug|Any CPU
		{718AEA8F-9426-49FB-8D4A-A195DF00AACD}.Debug|Any CPU.Build.0 = Debug|Any CPU
		{718AEA8F-9426-49FB-8D4A-A195DF00AACD}.Release|Any CPU.ActiveCfg = Release|Any CPU
		{718AEA8F-9426-49FB-8D4A-A195DF00AACD}.Release|Any CPU.Build.0 = Release|Any CPU
		{15F0D267-3592-4814-9758-EFDE7E9A0151}.Debug|Any CPU.ActiveCfg = Debug|Any CPU
		{15F0D267-3592-4814-9758-EFDE7E9A0151}.Debug|Any CPU.Build.0 = Debug|Any CPU
		{15F0D267-3592-4814-9758-EFDE7E9A0151}.Release|Any CPU.ActiveCfg = Release|Any CPU
		{15F0D267-3592-4814-9758-EFDE7E9A0151}.Release|Any CPU.Build.0 = Release|Any CPU
		{93DF5EF5-C599-4CB2-BE3A-4B098C1E2AFC}.Debug|Any CPU.ActiveCfg = Debug|Any CPU
		{93DF5EF5-C599-4CB2-BE3A-4B098C1E2AFC}.Debug|Any CPU.Build.0 = Debug|Any CPU
		{93DF5EF5-C599-4CB2-BE3A-4B098C1E2AFC}.Release|Any CPU.ActiveCfg = Release|Any CPU
		{93DF5EF5-C599-4CB2-BE3A-4B098C1E2AFC}.Release|Any CPU.Build.0 = Release|Any CPU
		{CA4404DF-17D3-41A0-A542-7614BF5E5E81}.Debug|Any CPU.ActiveCfg = Debug|Any CPU
		{CA4404DF-17D3-41A0-A542-7614BF5E5E81}.Debug|Any CPU.Build.0 = Debug|Any CPU
		{CA4404DF-17D3-41A0-A542-7614BF5E5E81}.Release|Any CPU.ActiveCfg = Release|Any CPU
		{CA4404DF-17D3-41A0-A542-7614BF5E5E81}.Release|Any CPU.Build.0 = Release|Any CPU
		{BBCD724A-9071-43F0-9079-3564428B38BD}.Debug|Any CPU.ActiveCfg = Debug|Any CPU
		{BBCD724A-9071-43F0-9079-3564428B38BD}.Debug|Any CPU.Build.0 = Debug|Any CPU
		{BBCD724A-9071-43F0-9079-3564428B38BD}.Release|Any CPU.ActiveCfg = Release|Any CPU
		{BBCD724A-9071-43F0-9079-3564428B38BD}.Release|Any CPU.Build.0 = Release|Any CPU
		{8E388523-C629-4387-A37D-7F958E3C4EBE}.Debug|Any CPU.ActiveCfg = Debug|Any CPU
		{8E388523-C629-4387-A37D-7F958E3C4EBE}.Debug|Any CPU.Build.0 = Debug|Any CPU
		{8E388523-C629-4387-A37D-7F958E3C4EBE}.Release|Any CPU.ActiveCfg = Release|Any CPU
		{8E388523-C629-4387-A37D-7F958E3C4EBE}.Release|Any CPU.Build.0 = Release|Any CPU
		{B47F3B78-A69F-4EC6-B27B-90C10021071A}.Debug|Any CPU.ActiveCfg = Debug|Any CPU
		{B47F3B78-A69F-4EC6-B27B-90C10021071A}.Debug|Any CPU.Build.0 = Debug|Any CPU
		{B47F3B78-A69F-4EC6-B27B-90C10021071A}.Release|Any CPU.ActiveCfg = Release|Any CPU
		{B47F3B78-A69F-4EC6-B27B-90C10021071A}.Release|Any CPU.Build.0 = Release|Any CPU
		{09770C2C-01FA-45D1-9FF4-5EA27658ACD5}.Debug|Any CPU.ActiveCfg = Debug|Any CPU
		{09770C2C-01FA-45D1-9FF4-5EA27658ACD5}.Debug|Any CPU.Build.0 = Debug|Any CPU
		{09770C2C-01FA-45D1-9FF4-5EA27658ACD5}.Release|Any CPU.ActiveCfg = Release|Any CPU
		{09770C2C-01FA-45D1-9FF4-5EA27658ACD5}.Release|Any CPU.Build.0 = Release|Any CPU
		{A78F4363-CF71-4FB9-A3FD-02E921F2ECD3}.Debug|Any CPU.ActiveCfg = Debug|Any CPU
		{A78F4363-CF71-4FB9-A3FD-02E921F2ECD3}.Debug|Any CPU.Build.0 = Debug|Any CPU
		{A78F4363-CF71-4FB9-A3FD-02E921F2ECD3}.Release|Any CPU.ActiveCfg = Release|Any CPU
		{A78F4363-CF71-4FB9-A3FD-02E921F2ECD3}.Release|Any CPU.Build.0 = Release|Any CPU
		{FCAAC010-4AB3-4D7D-A845-E9B7F1D6BB78}.Debug|Any CPU.ActiveCfg = Debug|Any CPU
		{FCAAC010-4AB3-4D7D-A845-E9B7F1D6BB78}.Debug|Any CPU.Build.0 = Debug|Any CPU
		{FCAAC010-4AB3-4D7D-A845-E9B7F1D6BB78}.Release|Any CPU.ActiveCfg = Release|Any CPU
		{FCAAC010-4AB3-4D7D-A845-E9B7F1D6BB78}.Release|Any CPU.Build.0 = Release|Any CPU
		{2666B91B-6128-4444-9CCE-5D05E6D7F6DB}.Debug|Any CPU.ActiveCfg = Debug|Any CPU
		{2666B91B-6128-4444-9CCE-5D05E6D7F6DB}.Debug|Any CPU.Build.0 = Debug|Any CPU
		{2666B91B-6128-4444-9CCE-5D05E6D7F6DB}.Release|Any CPU.ActiveCfg = Release|Any CPU
		{2666B91B-6128-4444-9CCE-5D05E6D7F6DB}.Release|Any CPU.Build.0 = Release|Any CPU
	EndGlobalSection
	GlobalSection(SolutionProperties) = preSolution
		HideSolutionNode = FALSE
	EndGlobalSection
	GlobalSection(NestedProjects) = preSolution
		{718AEA8F-9426-49FB-8D4A-A195DF00AACD} = {02EA681E-C7D8-13C7-8484-4AC65E1B71E8}
		{15F0D267-3592-4814-9758-EFDE7E9A0151} = {CD492054-D2EC-4699-A453-4998C52C7751}
		{93DF5EF5-C599-4CB2-BE3A-4B098C1E2AFC} = {700DCA02-BB0C-4850-A093-C8EA6343CE33}
		{CA4404DF-17D3-41A0-A542-7614BF5E5E81} = {700DCA02-BB0C-4850-A093-C8EA6343CE33}
		{BBCD724A-9071-43F0-9079-3564428B38BD} = {700DCA02-BB0C-4850-A093-C8EA6343CE33}
		{8E388523-C629-4387-A37D-7F958E3C4EBE} = {2F9209E1-BE46-4A0F-A4AE-D93EEE6BE586}
		{B47F3B78-A69F-4EC6-B27B-90C10021071A} = {2F9209E1-BE46-4A0F-A4AE-D93EEE6BE586}
		{09770C2C-01FA-45D1-9FF4-5EA27658ACD5} = {2F9209E1-BE46-4A0F-A4AE-D93EEE6BE586}
		{A78F4363-CF71-4FB9-A3FD-02E921F2ECD3} = {CB8E52FD-54AD-4463-89E6-E86737285C9E}
		{FCAAC010-4AB3-4D7D-A845-E9B7F1D6BB78} = {CB8E52FD-54AD-4463-89E6-E86737285C9E}
		{2666B91B-6128-4444-9CCE-5D05E6D7F6DB} = {CB8E52FD-54AD-4463-89E6-E86737285C9E}
	EndGlobalSection
	GlobalSection(ExtensibilityGlobals) = postSolution
		SolutionGuid = {BFF6284D-C24F-429F-A069-32A4E82BBA2E}
	EndGlobalSection
EndGlobal
